{
  "nodes": {
    "libfat": {
      "flake": false,
      "locked": {
        "lastModified": 1723662818,
        "narHash": "sha256-2OAFk6M2naMufDYExGj6vDgZiYoTe4I3x22MQr811fI=",
        "owner": "xenon-emu",
        "repo": "libfat",
        "rev": "61d5af5607c2a797aeea56c3728531953cd64b0f",
        "type": "github"
      },
      "original": {
        "owner": "xenon-emu",
        "repo": "libfat",
        "type": "github"
      }
    },
    "libxenon": {
      "flake": false,
      "locked": {
        "lastModified": 1743641969,
        "narHash": "sha256-33Kl1AgMKTMsfxYydvXqDLRiqb1BToc/nhGJ+WM8fOs=",
        "owner": "xenon-emu",
        "repo": "libxenon",
        "rev": "1278249c68967a561e71c294d905bc2b3f849c28",
        "type": "github"
      },
      "original": {
        "owner": "xenon-emu",
        "repo": "libxenon",
        "type": "github"
      }
    },
    "nixpkgs": {
      "locked": {
        "lastModified": 1744057849,
        "narHash": "sha256-nAOwvfj4MKXzJky2SBE26D7hWdp4ZI6K6s7x3PTKcUc=",
        "owner": "nixos",
        "repo": "nixpkgs",
        "rev": "9e2c0fc58a3e69334e18af5454ccb596239f78f5",
        "type": "github"
      },
      "original": {
        "owner": "nixos",
        "repo": "nixpkgs",
        "type": "github"
      }
    },
    "root": {
      "inputs": {
        "libfat": "libfat",
        "libxenon": "libxenon",
        "nixpkgs": "nixpkgs",
        "utils": "utils"
      }
    },
    "systems": {
      "locked": {
        "lastModified": 1681028828,
        "narHash": "sha256-Vy1rq5AaRuLzOxct8nz4T6wlgyUR7zLU309k9mBC768=",
        "owner": "nix-systems",
        "repo": "default",
        "rev": "da67096a3b9bf56a91d16901293e51ba5b49a27e",
        "type": "github"
      },
      "original": {
        "owner": "nix-systems",
        "repo": "default",
        "type": "github"
      }
    },
    "utils": {
      "inputs": {
        "systems": "systems"
      },
      "locked": {
        "lastModified": 1731533236,
        "narHash": "sha256-l0KFg5HjrsfsO/JpG+r7fRrqm12kzFHyUHqHCVpMMbI=",
        "owner": "numtide",
        "repo": "flake-utils",
        "rev": "11707dc2f618dd54ca8739b309ec4fc024de578b",
        "type": "github"
      },
      "original": {
        "owner": "numtide",
        "repo": "flake-utils",
        "type": "github"
      }
    }
  },
  "root": "root",
  "version": 7
}
